<?xml version="1.0" encoding="UTF-8"?>

<CodeBlocks_project_file>
  <FileVersion major="1" minor="6"/>
  <Project>
    <Option title="Signalizer"/>
    <Option pch_mode="2"/>
    <Option compiler="gcc"/>
    <Build>
      <Target title="Debug">
        <Option output="bin/Debug/Signalizer"
                prefix_auto="1"
                extension_auto="1"/>
        <Option object_output="obj/Debug"/>
        <Option type="3"/>
        <Option compiler="gcc"/>
        <Compiler>
          <Add option="-O0"/>
          <Add option="-std=gnu++0x"/>
          <Add option="-mstackrealign"/>
          <Add option="-g"/>
          <Add option="-std=c++14"/>
          <Add option="-flax-vector-conversions"/>
          <Add option="-D__MINGW__=1"/>
          <Add option="-D__MINGW_EXTENSION="/>
          <Add option="-DJUCER_CODEBLOCKS_20734A5D=1"/>
          <Add option="-DJUCE_APP_VERSION=0.2.10"/>
          <Add option="-DJUCE_APP_VERSION_HEX=0x20a"/>
          <Add directory="."/>
          <Add directory="..\..\JuceLibraryCode"/>
          <Add directory="../../../SDKs/"/>
          <Add directory="../../../SDKs/vstsdk2.4/"/>
        </Compiler>
        <Linker/>
      </Target>
      <Target title="Release">
        <Option output="bin/Release/Signalizer"
                prefix_auto="1"
                extension_auto="1"/>
        <Option object_output="obj/Release"/>
        <Option type="3"/>
        <Option compiler="gcc"/>
        <Compiler>
          <Add option="-O3"/>
          <Add option="-std=gnu++0x"/>
          <Add option="-mstackrealign"/>
          <Add option="-std=c++14"/>
          <Add option="-flax-vector-conversions"/>
          <Add option="-D__MINGW__=1"/>
          <Add option="-D__MINGW_EXTENSION="/>
          <Add option="-DJUCER_CODEBLOCKS_20734A5D=1"/>
          <Add option="-DJUCE_APP_VERSION=0.2.10"/>
          <Add option="-DJUCE_APP_VERSION_HEX=0x20a"/>
          <Add directory="."/>
          <Add directory="..\..\JuceLibraryCode"/>
          <Add directory="../../../SDKs/"/>
          <Add directory="../../../SDKs/vstsdk2.4/"/>
        </Compiler>
        <Linker>
          <Add option="-s"/>
        </Linker>
      </Target>
    </Build>
    <Compiler>
      <Add option="-Wall"/>
      <Add option="-Wno-strict-aliasing"/>
      <Add option="-Wno-strict-overflow"/>
    </Compiler>
    <Linker>
      <Add library="gdi32"/>
      <Add library="user32"/>
      <Add library="kernel32"/>
      <Add library="comctl32"/>
    </Linker>
    <Unit filename="../../../SDKs/cpl/CPLSource.cpp"/>
    <Unit filename="../../Source/CommonSignalizer.h">
      <Option compile="0"/>
      <Option link="0"/>
    </Unit>
    <Unit filename="../../Source/COscilloscope.cpp"/>
    <Unit filename="../../Source/COscilloscope.h">
      <Option compile="0"/>
      <Option link="0"/>
    </Unit>
    <Unit filename="../../Source/COscilloscopeRendering.cpp"/>
    <Unit filename="../../Source/CSpectrum.cpp"/>
    <Unit filename="../../Source/CSpectrum.h">
      <Option compile="0"/>
      <Option link="0"/>
    </Unit>
    <Unit filename="../../Source/CSpectrumDSP.cpp"/>
    <Unit filename="../../Source/CSpectrumRendering.cpp"/>
    <Unit filename="../../Source/CVectorScope.cpp"/>
    <Unit filename="../../Source/CVectorScope.h">
      <Option compile="0"/>
      <Option link="0"/>
    </Unit>
    <Unit filename="../../Source/CVectorScopeRendering.cpp"/>
    <Unit filename="../../Source/MainEditor.cpp"/>
    <Unit filename="../../Source/MainEditor.h">
      <Option compile="0"/>
      <Option link="0"/>
    </Unit>
    <Unit filename="../../Source/OscilloscopeParameters.h">
      <Option compile="0"/>
      <Option link="0"/>
    </Unit>
    <Unit filename="../../Source/PluginProcessor.cpp"/>
    <Unit filename="../../Source/PluginProcessor.h">
      <Option compile="0"/>
      <Option link="0"/>
    </Unit>
    <Unit filename="../../Source/SentientViewState.h">
      <Option compile="0"/>
      <Option link="0"/>
    </Unit>
    <Unit filename="../../Source/SignalizerDesign.cpp"/>
    <Unit filename="../../Source/SignalizerDesign.h">
      <Option compile="0"/>
      <Option link="0"/>
    </Unit>
    <Unit filename="../../Source/SpectrumParameters.h">
      <Option compile="0"/>
      <Option link="0"/>
    </Unit>
    <Unit filename="../../Source/VectorScopeParameters.h">
      <Option compile="0"/>
      <Option link="0"/>
    </Unit>
    <Unit filename="../../Source/version.h">
      <Option compile="0"/>
      <Option link="0"/>
    </Unit>
    <Unit filename="../../JuceLibraryCode/AppConfig.h">
      <Option compile="0"/>
      <Option link="0"/>
    </Unit>
    <Unit filename="../../JuceLibraryCode/JuceHeader.h">
      <Option compile="0"/>
      <Option link="0"/>
    </Unit>
  </Project>
</CodeBlocks_project_file>
